
Microsoft Visual Studio Solution File, Format Version 12.00
# Visual Studio Version 16
VisualStudioVersion = 16.0.30517.126
MinimumVisualStudioVersion = 10.0.40219.1
Project("{FAE04EC0-301F-11D3-BF4B-00C04F79EFBC}") = "focusLogger", "test1\focusLogger.csproj", "{1A6283C8-3DF1-4536-BC09-408C42928AA9}"
EndProject
Global
	GlobalSection(SolutionConfigurationPlatforms) = preSolution
		Debug|Any CPU = Debug|Any CPU
		Release|Any CPU = Release|Any CPU
	EndGlobalSection
	GlobalSection(ProjectConfigurationPlatforms) = postSolution
		{1A6283C8-3DF1-4536-BC09-408C42928AA9}.Debug|Any CPU.ActiveCfg = Debug|Any CPU
		{1A6283C8-3DF1-4536-BC09-408C42928AA9}.Debug|Any CPU.Build.0 = Debug|Any CPU
		{1A6283C8-3DF1-4536-BC09-408C42928AA9}.Release|Any CPU.ActiveCfg = Release|Any CPU
		{1A6283C8-3DF1-4536-BC09-408C42928AA9}.Release|Any CPU.Build.0 = Release|Any CPU
	EndGlobalSection
	GlobalSection(SolutionProperties) = preSolution
		HideSolutionNode = FALSE
	EndGlobalSection
	GlobalSection(ExtensibilityGlobals) = postSolution
		SolutionGuid = {14B7D52B-E4B1-446A-A76F-A55DBA9ED008}
	EndGlobalSection
EndGlobal
